
Microsoft Visual Studio Solution File, Format Version 12.00
# Visual Studio 14
VisualStudioVersion = 14.0.25420.1
MinimumVisualStudioVersion = 10.0.40219.1
Project("{FAE04EC0-301F-11D3-BF4B-00C04F79EFBC}") = "Meerkat.Mailer", "code\Meerkat.Mailer\Meerkat.Mailer.csproj", "{EC7BDB69-A125-40E9-9AB9-A00135C9DE64}"
EndProject
Project("{FAE04EC0-301F-11D3-BF4B-00C04F79EFBC}") = "Meerkat.Mailer.Test", "code\Meerkat.Mailer.Test\Meerkat.Mailer.Test.csproj", "{D094408B-ADD8-4BDB-B65C-6F1B4A17572B}"
EndProject
Project("{FAE04EC0-301F-11D3-BF4B-00C04F79EFBC}") = "Meerkat.Mailer.SendGrid", "code\Meerkat.Mailer.SendGrid\Meerkat.Mailer.SendGrid.csproj", "{6AA3A8EB-2AE6-40F5-8A0E-E3A70CE21CE1}"
EndProject
Project("{2150E333-8FDC-42A3-9474-1A3956D46DE8}") = "Solution Items", "Solution Items", "{F0A900FE-328F-4A86-9524-94C2556BCFF5}"
	ProjectSection(SolutionItems) = preProject
		build.fsx = build.fsx
		License.md = License.md
		nuget\Meerkat.Mailer.nuspec = nuget\Meerkat.Mailer.nuspec
		README.md = README.md
		RELEASE_NOTES.md = RELEASE_NOTES.md
	EndProjectSection
EndProject
Global
	GlobalSection(SolutionConfigurationPlatforms) = preSolution
		Debug|Any CPU = Debug|Any CPU
		Release|Any CPU = Release|Any CPU
	EndGlobalSection
	GlobalSection(ProjectConfigurationPlatforms) = postSolution
		{EC7BDB69-A125-40E9-9AB9-A00135C9DE64}.Debug|Any CPU.ActiveCfg = Debug|Any CPU
		{EC7BDB69-A125-40E9-9AB9-A00135C9DE64}.Debug|Any CPU.Build.0 = Debug|Any CPU
		{EC7BDB69-A125-40E9-9AB9-A00135C9DE64}.Release|Any CPU.ActiveCfg = Release|Any CPU
		{EC7BDB69-A125-40E9-9AB9-A00135C9DE64}.Release|Any CPU.Build.0 = Release|Any CPU
		{D094408B-ADD8-4BDB-B65C-6F1B4A17572B}.Debug|Any CPU.ActiveCfg = Debug|Any CPU
		{D094408B-ADD8-4BDB-B65C-6F1B4A17572B}.Debug|Any CPU.Build.0 = Debug|Any CPU
		{D094408B-ADD8-4BDB-B65C-6F1B4A17572B}.Release|Any CPU.ActiveCfg = Release|Any CPU
		{D094408B-ADD8-4BDB-B65C-6F1B4A17572B}.Release|Any CPU.Build.0 = Release|Any CPU
		{6AA3A8EB-2AE6-40F5-8A0E-E3A70CE21CE1}.Debug|Any CPU.ActiveCfg = Debug|Any CPU
		{6AA3A8EB-2AE6-40F5-8A0E-E3A70CE21CE1}.Debug|Any CPU.Build.0 = Debug|Any CPU
		{6AA3A8EB-2AE6-40F5-8A0E-E3A70CE21CE1}.Release|Any CPU.ActiveCfg = Release|Any CPU
		{6AA3A8EB-2AE6-40F5-8A0E-E3A70CE21CE1}.Release|Any CPU.Build.0 = Release|Any CPU
	EndGlobalSection
	GlobalSection(SolutionProperties) = preSolution
		HideSolutionNode = FALSE
	EndGlobalSection
	GlobalSection(ExtensibilityGlobals) = postSolution
		EnterpriseLibraryConfigurationToolBinariesPath = packages\Unity.2.1.505.0\lib\NET35
	EndGlobalSection
	GlobalSection(DPCodeReviewSolutionGUID) = preSolution
		DPCodeReviewSolutionGUID = {00000000-0000-0000-0000-000000000000}
	EndGlobalSection
EndGlobal
